
Microsoft Visual Studio Solution File, Format Version 12.00
# Visual Studio Version 16
VisualStudioVersion = 16.0.29201.188
MinimumVisualStudioVersion = 10.0.40219.1
Project("{FAE04EC0-301F-11D3-BF4B-00C04F79EFBC}") = "M3u8网页切片视频提取", "M3u8网页切片视频提取.csproj", "{A56CBAD3-D4C8-49E6-ABD3-E96C7522D786}"
EndProject
Global
	GlobalSection(SolutionConfigurationPlatforms) = preSolution
		Debug|Any CPU = Debug|Any CPU
		Release|Any CPU = Release|Any CPU
	EndGlobalSection
	GlobalSection(ProjectConfigurationPlatforms) = postSolution
		{A56CBAD3-D4C8-49E6-ABD3-E96C7522D786}.Debug|Any CPU.ActiveCfg = Debug|Any CPU
		{A56CBAD3-D4C8-49E6-ABD3-E96C7522D786}.Debug|Any CPU.Build.0 = Debug|Any CPU
		{A56CBAD3-D4C8-49E6-ABD3-E96C7522D786}.Release|Any CPU.ActiveCfg = Release|Any CPU
		{A56CBAD3-D4C8-49E6-ABD3-E96C7522D786}.Release|Any CPU.Build.0 = Release|Any CPU
	EndGlobalSection
	GlobalSection(SolutionProperties) = preSolution
		HideSolutionNode = FALSE
	EndGlobalSection
	GlobalSection(ExtensibilityGlobals) = postSolution
		SolutionGuid = {788CF8A2-5233-4B22-8B5C-B226DD7AF1EB}
	EndGlobalSection
EndGlobal
